// !$*UTF8*$!
{
	archiveVersion = 1;
	classes = {
	};
	objectVersion = 53;
	objects = {

/* Begin PBXBuildFile section */
		915594E9277DE382004286E0 /* AppDelegate.swift in Sources */ = {isa = PBXBuildFile; fileRef = 915594E8277DE382004286E0 /* AppDelegate.swift */; };
		915594F2277DE386004286E0 /* Assets.xcassets in Resources */ = {isa = PBXBuildFile; fileRef = 915594F1277DE386004286E0 /* Assets.xcassets */; };
		915594F5277DE386004286E0 /* LaunchScreen.storyboard in Resources */ = {isa = PBXBuildFile; fileRef = 915594F3277DE386004286E0 /* LaunchScreen.storyboard */; };
		91559502277DE892004286E0 /* GoogleService-Info.plist in Resources */ = {isa = PBXBuildFile; fileRef = 91559501277DE892004286E0 /* GoogleService-Info.plist */; };
		91559505277DEA1C004286E0 /* APIClient.swift in Sources */ = {isa = PBXBuildFile; fileRef = 91559504277DEA1C004286E0 /* APIClient.swift */; };
		91559509277DEA60004286E0 /* AuthWelcomeScreen.swift in Sources */ = {isa = PBXBuildFile; fileRef = 91559508277DEA60004286E0 /* AuthWelcomeScreen.swift */; };
		BB28EB40903BC14D8CE365EE /* Pods_UnsplashPictureSearcher.framework in Frameworks */ = {isa = PBXBuildFile; fileRef = E29D4956D24AC6A5638C2280 /* Pods_UnsplashPictureSearcher.framework */; };
		E987BD462781C9B300912204 /* ViewControllersIdentifiersKeys.swift in Sources */ = {isa = PBXBuildFile; fileRef = E987BD452781C9B300912204 /* ViewControllersIdentifiersKeys.swift */; };
		E987BD492781D48F00912204 /* ForgotPassword.swift in Sources */ = {isa = PBXBuildFile; fileRef = E987BD482781D48F00912204 /* ForgotPassword.swift */; };
		E987BD4B2781D4B200912204 /* ForgotPassword.storyboard in Resources */ = {isa = PBXBuildFile; fileRef = E987BD4A2781D4B200912204 /* ForgotPassword.storyboard */; };
		E9D252F12781A75600EE5E17 /* PictureModel.swift in Sources */ = {isa = PBXBuildFile; fileRef = E9D252EF2781A75600EE5E17 /* PictureModel.swift */; };
		E9D252F22781A75600EE5E17 /* DetailedViewModel.swift in Sources */ = {isa = PBXBuildFile; fileRef = E9D252F02781A75600EE5E17 /* DetailedViewModel.swift */; };
		E9D252F42781B7D400EE5E17 /* AuthWelcomeScreen.storyboard in Resources */ = {isa = PBXBuildFile; fileRef = E9D252F32781B7D400EE5E17 /* AuthWelcomeScreen.storyboard */; };
		E9D252F72781BAF300EE5E17 /* NavigationServices.swift in Sources */ = {isa = PBXBuildFile; fileRef = E9D252F62781BAF300EE5E17 /* NavigationServices.swift */; };
		E9D252FB2781C0F500EE5E17 /* SignIn.swift in Sources */ = {isa = PBXBuildFile; fileRef = E9D252FA2781C0F500EE5E17 /* SignIn.swift */; };
		E9D252FD2781C10100EE5E17 /* SignIn.storyboard in Resources */ = {isa = PBXBuildFile; fileRef = E9D252FC2781C10100EE5E17 /* SignIn.storyboard */; };
		E9D252FF2781C11A00EE5E17 /* Registration.swift in Sources */ = {isa = PBXBuildFile; fileRef = E9D252FE2781C11A00EE5E17 /* Registration.swift */; };
		E9D253012781C13000EE5E17 /* Registration.storyboard in Resources */ = {isa = PBXBuildFile; fileRef = E9D253002781C13000EE5E17 /* Registration.storyboard */; };
		E9D253032781C24C00EE5E17 /* StoryboardsNames.swift in Sources */ = {isa = PBXBuildFile; fileRef = E9D253022781C24C00EE5E17 /* StoryboardsNames.swift */; };
/* End PBXBuildFile section */

/* Begin PBXFileReference section */
		226A6F79A669982C7DD02C8B /* Pods-UnsplashPictureSearcher.release.xcconfig */ = {isa = PBXFileReference; includeInIndex = 1; lastKnownFileType = text.xcconfig; name = "Pods-UnsplashPictureSearcher.release.xcconfig"; path = "Target Support Files/Pods-UnsplashPictureSearcher/Pods-UnsplashPictureSearcher.release.xcconfig"; sourceTree = "<group>"; };
		5D66D6067D8D5AAC75848133 /* Pods-UnsplashPictureSearcher.debug.xcconfig */ = {isa = PBXFileReference; includeInIndex = 1; lastKnownFileType = text.xcconfig; name = "Pods-UnsplashPictureSearcher.debug.xcconfig"; path = "Target Support Files/Pods-UnsplashPictureSearcher/Pods-UnsplashPictureSearcher.debug.xcconfig"; sourceTree = "<group>"; };
		915594E5277DE382004286E0 /* UnsplashPictureSearcher.app */ = {isa = PBXFileReference; explicitFileType = wrapper.application; includeInIndex = 0; path = UnsplashPictureSearcher.app; sourceTree = BUILT_PRODUCTS_DIR; };
		915594E8277DE382004286E0 /* AppDelegate.swift */ = {isa = PBXFileReference; lastKnownFileType = sourcecode.swift; path = AppDelegate.swift; sourceTree = "<group>"; };
		915594F1277DE386004286E0 /* Assets.xcassets */ = {isa = PBXFileReference; lastKnownFileType = folder.assetcatalog; path = Assets.xcassets; sourceTree = "<group>"; };
		915594F4277DE386004286E0 /* Base */ = {isa = PBXFileReference; lastKnownFileType = file.storyboard; name = Base; path = Base.lproj/LaunchScreen.storyboard; sourceTree = "<group>"; };
		915594F6277DE386004286E0 /* Info.plist */ = {isa = PBXFileReference; lastKnownFileType = text.plist.xml; path = Info.plist; sourceTree = "<group>"; };
		91559501277DE892004286E0 /* GoogleService-Info.plist */ = {isa = PBXFileReference; fileEncoding = 4; lastKnownFileType = text.plist.xml; path = "GoogleService-Info.plist"; sourceTree = "<group>"; };
		91559504277DEA1C004286E0 /* APIClient.swift */ = {isa = PBXFileReference; lastKnownFileType = sourcecode.swift; path = APIClient.swift; sourceTree = "<group>"; };
		91559508277DEA60004286E0 /* AuthWelcomeScreen.swift */ = {isa = PBXFileReference; lastKnownFileType = sourcecode.swift; path = AuthWelcomeScreen.swift; sourceTree = "<group>"; };
		E29D4956D24AC6A5638C2280 /* Pods_UnsplashPictureSearcher.framework */ = {isa = PBXFileReference; explicitFileType = wrapper.framework; includeInIndex = 0; path = Pods_UnsplashPictureSearcher.framework; sourceTree = BUILT_PRODUCTS_DIR; };
		E987BD452781C9B300912204 /* ViewControllersIdentifiersKeys.swift */ = {isa = PBXFileReference; lastKnownFileType = sourcecode.swift; path = ViewControllersIdentifiersKeys.swift; sourceTree = "<group>"; };
		E987BD482781D48F00912204 /* ForgotPassword.swift */ = {isa = PBXFileReference; lastKnownFileType = sourcecode.swift; path = ForgotPassword.swift; sourceTree = "<group>"; };
		E987BD4A2781D4B200912204 /* ForgotPassword.storyboard */ = {isa = PBXFileReference; lastKnownFileType = file.storyboard; path = ForgotPassword.storyboard; sourceTree = "<group>"; };
		E9D252EF2781A75600EE5E17 /* PictureModel.swift */ = {isa = PBXFileReference; fileEncoding = 4; lastKnownFileType = sourcecode.swift; path = PictureModel.swift; sourceTree = "<group>"; };
		E9D252F02781A75600EE5E17 /* DetailedViewModel.swift */ = {isa = PBXFileReference; fileEncoding = 4; lastKnownFileType = sourcecode.swift; path = DetailedViewModel.swift; sourceTree = "<group>"; };
		E9D252F32781B7D400EE5E17 /* AuthWelcomeScreen.storyboard */ = {isa = PBXFileReference; lastKnownFileType = file.storyboard; path = AuthWelcomeScreen.storyboard; sourceTree = "<group>"; };
		E9D252F62781BAF300EE5E17 /* NavigationServices.swift */ = {isa = PBXFileReference; lastKnownFileType = sourcecode.swift; path = NavigationServices.swift; sourceTree = "<group>"; };
		E9D252FA2781C0F500EE5E17 /* SignIn.swift */ = {isa = PBXFileReference; lastKnownFileType = sourcecode.swift; path = SignIn.swift; sourceTree = "<group>"; };
		E9D252FC2781C10100EE5E17 /* SignIn.storyboard */ = {isa = PBXFileReference; lastKnownFileType = file.storyboard; path = SignIn.storyboard; sourceTree = "<group>"; };
		E9D252FE2781C11A00EE5E17 /* Registration.swift */ = {isa = PBXFileReference; lastKnownFileType = sourcecode.swift; path = Registration.swift; sourceTree = "<group>"; };
		E9D253002781C13000EE5E17 /* Registration.storyboard */ = {isa = PBXFileReference; lastKnownFileType = file.storyboard; path = Registration.storyboard; sourceTree = "<group>"; };
		E9D253022781C24C00EE5E17 /* StoryboardsNames.swift */ = {isa = PBXFileReference; lastKnownFileType = sourcecode.swift; path = StoryboardsNames.swift; sourceTree = "<group>"; };
/* End PBXFileReference section */

/* Begin PBXFrameworksBuildPhase section */
		915594E2277DE382004286E0 /* Frameworks */ = {
			isa = PBXFrameworksBuildPhase;
			buildActionMask = 2147483647;
			files = (
				BB28EB40903BC14D8CE365EE /* Pods_UnsplashPictureSearcher.framework in Frameworks */,
			);
			runOnlyForDeploymentPostprocessing = 0;
		};
/* End PBXFrameworksBuildPhase section */

/* Begin PBXGroup section */
		4CCCC865F54C343046C8E974 /* Frameworks */ = {
			isa = PBXGroup;
			children = (
				E29D4956D24AC6A5638C2280 /* Pods_UnsplashPictureSearcher.framework */,
			);
			name = Frameworks;
			sourceTree = "<group>";
		};
		915594DC277DE382004286E0 = {
			isa = PBXGroup;
			children = (
				915594E7277DE382004286E0 /* UnsplashPictureSearcher */,
				915594E6277DE382004286E0 /* Products */,
				94D0F932D765A200F6DDE858 /* Pods */,
				4CCCC865F54C343046C8E974 /* Frameworks */,
			);
			sourceTree = "<group>";
		};
		915594E6277DE382004286E0 /* Products */ = {
			isa = PBXGroup;
			children = (
				915594E5277DE382004286E0 /* UnsplashPictureSearcher.app */,
			);
			name = Products;
			sourceTree = "<group>";
		};
		915594E7277DE382004286E0 /* UnsplashPictureSearcher */ = {
			isa = PBXGroup;
			children = (
				E9D252F52781BACB00EE5E17 /* Services */,
				91559503277DE9FD004286E0 /* API */,
				91559500277DE892004286E0 /* Sources */,
				91559506277DEA2B004286E0 /* Flows */,
				915594E8277DE382004286E0 /* AppDelegate.swift */,
				915594F1277DE386004286E0 /* Assets.xcassets */,
				915594F3277DE386004286E0 /* LaunchScreen.storyboard */,
				915594F6277DE386004286E0 /* Info.plist */,
			);
			path = UnsplashPictureSearcher;
			sourceTree = "<group>";
		};
		91559500277DE892004286E0 /* Sources */ = {
			isa = PBXGroup;
			children = (
				E9D253042781C2DD00EE5E17 /* Enums */,
				91559501277DE892004286E0 /* GoogleService-Info.plist */,
			);
			path = Sources;
			sourceTree = "<group>";
		};
		91559503277DE9FD004286E0 /* API */ = {
			isa = PBXGroup;
			children = (
				91559504277DEA1C004286E0 /* APIClient.swift */,
				E9D252EA2781A6FF00EE5E17 /* DataModels */,
			);
			path = API;
			sourceTree = "<group>";
		};
		91559506277DEA2B004286E0 /* Flows */ = {
			isa = PBXGroup;
			children = (
				91559507277DEA4A004286E0 /* Auth */,
			);
			path = Flows;
			sourceTree = "<group>";
		};
		91559507277DEA4A004286E0 /* Auth */ = {
			isa = PBXGroup;
			children = (
				E987BD472781D45C00912204 /* ForgotPassword */,
				E9D252F92781C07700EE5E17 /* SignIn */,
				E9D252F82781C05E00EE5E17 /* Registration */,
				91559508277DEA60004286E0 /* AuthWelcomeScreen.swift */,
				E9D252F32781B7D400EE5E17 /* AuthWelcomeScreen.storyboard */,
			);
			path = Auth;
			sourceTree = "<group>";
		};
		94D0F932D765A200F6DDE858 /* Pods */ = {
			isa = PBXGroup;
			children = (
				5D66D6067D8D5AAC75848133 /* Pods-UnsplashPictureSearcher.debug.xcconfig */,
				226A6F79A669982C7DD02C8B /* Pods-UnsplashPictureSearcher.release.xcconfig */,
			);
			path = Pods;
			sourceTree = "<group>";
		};
		E987BD472781D45C00912204 /* ForgotPassword */ = {
			isa = PBXGroup;
			children = (
				E987BD482781D48F00912204 /* ForgotPassword.swift */,
				E987BD4A2781D4B200912204 /* ForgotPassword.storyboard */,
			);
			path = ForgotPassword;
			sourceTree = "<group>";
		};
		E9D252EA2781A6FF00EE5E17 /* DataModels */ = {
			isa = PBXGroup;
			children = (
				E9D252F02781A75600EE5E17 /* DetailedViewModel.swift */,
				E9D252EF2781A75600EE5E17 /* PictureModel.swift */,
			);
			path = DataModels;
			sourceTree = "<group>";
		};
		E9D252F52781BACB00EE5E17 /* Services */ = {
			isa = PBXGroup;
			children = (
				E9D252F62781BAF300EE5E17 /* NavigationServices.swift */,
			);
			path = Services;
			sourceTree = "<group>";
		};
		E9D252F82781C05E00EE5E17 /* Registration */ = {
			isa = PBXGroup;
			children = (
				E9D252FE2781C11A00EE5E17 /* Registration.swift */,
				E9D253002781C13000EE5E17 /* Registration.storyboard */,
			);
			path = Registration;
			sourceTree = "<group>";
		};
		E9D252F92781C07700EE5E17 /* SignIn */ = {
			isa = PBXGroup;
			children = (
				E9D252FA2781C0F500EE5E17 /* SignIn.swift */,
				E9D252FC2781C10100EE5E17 /* SignIn.storyboard */,
			);
			path = SignIn;
			sourceTree = "<group>";
		};
		E9D253042781C2DD00EE5E17 /* Enums */ = {
			isa = PBXGroup;
			children = (
				E9D253022781C24C00EE5E17 /* StoryboardsNames.swift */,
				E987BD452781C9B300912204 /* ViewControllersIdentifiersKeys.swift */,
			);
			path = Enums;
			sourceTree = "<group>";
		};
/* End PBXGroup section */

/* Begin PBXNativeTarget section */
		915594E4277DE382004286E0 /* UnsplashPictureSearcher */ = {
			isa = PBXNativeTarget;
			buildConfigurationList = 915594F9277DE386004286E0 /* Build configuration list for PBXNativeTarget "UnsplashPictureSearcher" */;
			buildPhases = (
				809A5113F49F056765144208 /* [CP] Check Pods Manifest.lock */,
				915594E1277DE382004286E0 /* Sources */,
				915594E2277DE382004286E0 /* Frameworks */,
				915594E3277DE382004286E0 /* Resources */,
				AB5F05D1BAD4D8F19254992C /* [CP] Embed Pods Frameworks */,
				915594FC277DE6CE004286E0 /* CrahLyticks dsym */,
			);
			buildRules = (
			);
			dependencies = (
			);
			name = UnsplashPictureSearcher;
			productName = UnsplashPictureSearcher;
			productReference = 915594E5277DE382004286E0 /* UnsplashPictureSearcher.app */;
			productType = "com.apple.product-type.application";
		};
/* End PBXNativeTarget section */

/* Begin PBXProject section */
		915594DD277DE382004286E0 /* Project object */ = {
			isa = PBXProject;
			attributes = {
				BuildIndependentTargetsInParallel = 1;
				LastSwiftUpdateCheck = 1300;
				LastUpgradeCheck = 1300;
				TargetAttributes = {
					915594E4277DE382004286E0 = {
						CreatedOnToolsVersion = 13.0;
					};
				};
			};
			buildConfigurationList = 915594E0277DE382004286E0 /* Build configuration list for PBXProject "UnsplashPictureSearcher" */;
			compatibilityVersion = "Xcode 9.3";
			developmentRegion = en;
			hasScannedForEncodings = 0;
			knownRegions = (
				en,
				Base,
			);
			mainGroup = 915594DC277DE382004286E0;
			productRefGroup = 915594E6277DE382004286E0 /* Products */;
			projectDirPath = "";
			projectRoot = "";
			targets = (
				915594E4277DE382004286E0 /* UnsplashPictureSearcher */,
			);
		};
/* End PBXProject section */

/* Begin PBXResourcesBuildPhase section */
		915594E3277DE382004286E0 /* Resources */ = {
			isa = PBXResourcesBuildPhase;
			buildActionMask = 2147483647;
			files = (
				915594F5277DE386004286E0 /* LaunchScreen.storyboard in Resources */,
				E9D253012781C13000EE5E17 /* Registration.storyboard in Resources */,
				E9D252FD2781C10100EE5E17 /* SignIn.storyboard in Resources */,
				E9D252F42781B7D400EE5E17 /* AuthWelcomeScreen.storyboard in Resources */,
				915594F2277DE386004286E0 /* Assets.xcassets in Resources */,
				E987BD4B2781D4B200912204 /* ForgotPassword.storyboard in Resources */,
				91559502277DE892004286E0 /* GoogleService-Info.plist in Resources */,
			);
			runOnlyForDeploymentPostprocessing = 0;
		};
/* End PBXResourcesBuildPhase section */

/* Begin PBXShellScriptBuildPhase section */
		809A5113F49F056765144208 /* [CP] Check Pods Manifest.lock */ = {
			isa = PBXShellScriptBuildPhase;
			buildActionMask = 2147483647;
			files = (
			);
			inputFileListPaths = (
			);
			inputPaths = (
				"${PODS_PODFILE_DIR_PATH}/Podfile.lock",
				"${PODS_ROOT}/Manifest.lock",
			);
			name = "[CP] Check Pods Manifest.lock";
			outputFileListPaths = (
			);
			outputPaths = (
				"$(DERIVED_FILE_DIR)/Pods-UnsplashPictureSearcher-checkManifestLockResult.txt",
			);
			runOnlyForDeploymentPostprocessing = 0;
			shellPath = /bin/sh;
			shellScript = "diff \"${PODS_PODFILE_DIR_PATH}/Podfile.lock\" \"${PODS_ROOT}/Manifest.lock\" > /dev/null\nif [ $? != 0 ] ; then\n    # print error to STDERR\n    echo \"error: The sandbox is not in sync with the Podfile.lock. Run 'pod install' or update your CocoaPods installation.\" >&2\n    exit 1\nfi\n# This output is used by Xcode 'outputs' to avoid re-running this script phase.\necho \"SUCCESS\" > \"${SCRIPT_OUTPUT_FILE_0}\"\n";
			showEnvVarsInLog = 0;
		};
		915594FC277DE6CE004286E0 /* CrahLyticks dsym */ = {
			isa = PBXShellScriptBuildPhase;
			buildActionMask = 2147483647;
			files = (
			);
			inputFileListPaths = (
			);
			inputPaths = (
				"${DWARF_DSYM_FOLDER_PATH}/${DWARF_DSYM_FILE_NAME}/Contents/Resources/DWARF/${TARGET_NAME}",
			);
			name = "CrahLyticks dsym";
			outputFileListPaths = (
			);
			outputPaths = (
			);
			runOnlyForDeploymentPostprocessing = 0;
			shellPath = /bin/sh;
			shellScript = "# Type a script or drag a script file from your workspace to insert its path.\n\"${PODS_ROOT}/FirebaseCrashlytics/run\"\n";
		};
		AB5F05D1BAD4D8F19254992C /* [CP] Embed Pods Frameworks */ = {
			isa = PBXShellScriptBuildPhase;
			buildActionMask = 2147483647;
			files = (
			);
			inputFileListPaths = (
				"${PODS_ROOT}/Target Support Files/Pods-UnsplashPictureSearcher/Pods-UnsplashPictureSearcher-frameworks-${CONFIGURATION}-input-files.xcfilelist",
			);
			name = "[CP] Embed Pods Frameworks";
			outputFileListPaths = (
				"${PODS_ROOT}/Target Support Files/Pods-UnsplashPictureSearcher/Pods-UnsplashPictureSearcher-frameworks-${CONFIGURATION}-output-files.xcfilelist",
			);
			runOnlyForDeploymentPostprocessing = 0;
			shellPath = /bin/sh;
			shellScript = "\"${PODS_ROOT}/Target Support Files/Pods-UnsplashPictureSearcher/Pods-UnsplashPictureSearcher-frameworks.sh\"\n";
			showEnvVarsInLog = 0;
		};
/* End PBXShellScriptBuildPhase section */

/* Begin PBXSourcesBuildPhase section */
		915594E1277DE382004286E0 /* Sources */ = {
			isa = PBXSourcesBuildPhase;
			buildActionMask = 2147483647;
			files = (
				E9D252FF2781C11A00EE5E17 /* Registration.swift in Sources */,
				E9D252F22781A75600EE5E17 /* DetailedViewModel.swift in Sources */,
				915594E9277DE382004286E0 /* AppDelegate.swift in Sources */,
				E987BD462781C9B300912204 /* ViewControllersIdentifiersKeys.swift in Sources */,
				91559509277DEA60004286E0 /* AuthWelcomeScreen.swift in Sources */,
				E9D253032781C24C00EE5E17 /* StoryboardsNames.swift in Sources */,
				E9D252F12781A75600EE5E17 /* PictureModel.swift in Sources */,
				E9D252FB2781C0F500EE5E17 /* SignIn.swift in Sources */,
				91559505277DEA1C004286E0 /* APIClient.swift in Sources */,
				E9D252F72781BAF300EE5E17 /* NavigationServices.swift in Sources */,
				E987BD492781D48F00912204 /* ForgotPassword.swift in Sources */,
			);
			runOnlyForDeploymentPostprocessing = 0;
		};
/* End PBXSourcesBuildPhase section */

/* Begin PBXVariantGroup section */
		915594F3277DE386004286E0 /* LaunchScreen.storyboard */ = {
			isa = PBXVariantGroup;
			children = (
				915594F4277DE386004286E0 /* Base */,
			);
			name = LaunchScreen.storyboard;
			sourceTree = "<group>";
		};
/* End PBXVariantGroup section */

/* Begin XCBuildConfiguration section */
		915594F7277DE386004286E0 /* Debug */ = {
			isa = XCBuildConfiguration;
			buildSettings = {
				ALWAYS_SEARCH_USER_PATHS = NO;
				CLANG_ANALYZER_NONNULL = YES;
				CLANG_ANALYZER_NUMBER_OBJECT_CONVERSION = YES_AGGRESSIVE;
				CLANG_CXX_LANGUAGE_STANDARD = "gnu++17";
				CLANG_CXX_LIBRARY = "libc++";
				CLANG_ENABLE_MODULES = YES;
				CLANG_ENABLE_OBJC_ARC = YES;
				CLANG_ENABLE_OBJC_WEAK = YES;
				CLANG_WARN_BLOCK_CAPTURE_AUTORELEASING = YES;
				CLANG_WARN_BOOL_CONVERSION = YES;
				CLANG_WARN_COMMA = YES;
				CLANG_WARN_CONSTANT_CONVERSION = YES;
				CLANG_WARN_DEPRECATED_OBJC_IMPLEMENTATIONS = YES;
				CLANG_WARN_DIRECT_OBJC_ISA_USAGE = YES_ERROR;
				CLANG_WARN_DOCUMENTATION_COMMENTS = YES;
				CLANG_WARN_EMPTY_BODY = YES;
				CLANG_WARN_ENUM_CONVERSION = YES;
				CLANG_WARN_INFINITE_RECURSION = YES;
				CLANG_WARN_INT_CONVERSION = YES;
				CLANG_WARN_NON_LITERAL_NULL_CONVERSION = YES;
				CLANG_WARN_OBJC_IMPLICIT_RETAIN_SELF = YES;
				CLANG_WARN_OBJC_LITERAL_CONVERSION = YES;
				CLANG_WARN_OBJC_ROOT_CLASS = YES_ERROR;
				CLANG_WARN_QUOTED_INCLUDE_IN_FRAMEWORK_HEADER = YES;
				CLANG_WARN_RANGE_LOOP_ANALYSIS = YES;
				CLANG_WARN_STRICT_PROTOTYPES = YES;
				CLANG_WARN_SUSPICIOUS_MOVE = YES;
				CLANG_WARN_UNGUARDED_AVAILABILITY = YES_AGGRESSIVE;
				CLANG_WARN_UNREACHABLE_CODE = YES;
				CLANG_WARN__DUPLICATE_METHOD_MATCH = YES;
				COPY_PHASE_STRIP = NO;
				DEBUG_INFORMATION_FORMAT = dwarf;
				ENABLE_STRICT_OBJC_MSGSEND = YES;
				ENABLE_TESTABILITY = YES;
				GCC_C_LANGUAGE_STANDARD = gnu11;
				GCC_DYNAMIC_NO_PIC = NO;
				GCC_NO_COMMON_BLOCKS = YES;
				GCC_OPTIMIZATION_LEVEL = 0;
				GCC_PREPROCESSOR_DEFINITIONS = (
					"DEBUG=1",
					"$(inherited)",
				);
				GCC_WARN_64_TO_32_BIT_CONVERSION = YES;
				GCC_WARN_ABOUT_RETURN_TYPE = YES_ERROR;
				GCC_WARN_UNDECLARED_SELECTOR = YES;
				GCC_WARN_UNINITIALIZED_AUTOS = YES_AGGRESSIVE;
				GCC_WARN_UNUSED_FUNCTION = YES;
				GCC_WARN_UNUSED_VARIABLE = YES;
				IPHONEOS_DEPLOYMENT_TARGET = 15.0;
				MTL_ENABLE_DEBUG_INFO = INCLUDE_SOURCE;
				MTL_FAST_MATH = YES;
				ONLY_ACTIVE_ARCH = YES;
				SDKROOT = iphoneos;
				SWIFT_ACTIVE_COMPILATION_CONDITIONS = DEBUG;
				SWIFT_OPTIMIZATION_LEVEL = "-Onone";
			};
			name = Debug;
		};
		915594F8277DE386004286E0 /* Release */ = {
			isa = XCBuildConfiguration;
			buildSettings = {
				ALWAYS_SEARCH_USER_PATHS = NO;
				CLANG_ANALYZER_NONNULL = YES;
				CLANG_ANALYZER_NUMBER_OBJECT_CONVERSION = YES_AGGRESSIVE;
				CLANG_CXX_LANGUAGE_STANDARD = "gnu++17";
				CLANG_CXX_LIBRARY = "libc++";
				CLANG_ENABLE_MODULES = YES;
				CLANG_ENABLE_OBJC_ARC = YES;
				CLANG_ENABLE_OBJC_WEAK = YES;
				CLANG_WARN_BLOCK_CAPTURE_AUTORELEASING = YES;
				CLANG_WARN_BOOL_CONVERSION = YES;
				CLANG_WARN_COMMA = YES;
				CLANG_WARN_CONSTANT_CONVERSION = YES;
				CLANG_WARN_DEPRECATED_OBJC_IMPLEMENTATIONS = YES;
				CLANG_WARN_DIRECT_OBJC_ISA_USAGE = YES_ERROR;
				CLANG_WARN_DOCUMENTATION_COMMENTS = YES;
				CLANG_WARN_EMPTY_BODY = YES;
				CLANG_WARN_ENUM_CONVERSION = YES;
				CLANG_WARN_INFINITE_RECURSION = YES;
				CLANG_WARN_INT_CONVERSION = YES;
				CLANG_WARN_NON_LITERAL_NULL_CONVERSION = YES;
				CLANG_WARN_OBJC_IMPLICIT_RETAIN_SELF = YES;
				CLANG_WARN_OBJC_LITERAL_CONVERSION = YES;
				CLANG_WARN_OBJC_ROOT_CLASS = YES_ERROR;
				CLANG_WARN_QUOTED_INCLUDE_IN_FRAMEWORK_HEADER = YES;
				CLANG_WARN_RANGE_LOOP_ANALYSIS = YES;
				CLANG_WARN_STRICT_PROTOTYPES = YES;
				CLANG_WARN_SUSPICIOUS_MOVE = YES;
				CLANG_WARN_UNGUARDED_AVAILABILITY = YES_AGGRESSIVE;
				CLANG_WARN_UNREACHABLE_CODE = YES;
				CLANG_WARN__DUPLICATE_METHOD_MATCH = YES;
				COPY_PHASE_STRIP = NO;
				DEBUG_INFORMATION_FORMAT = "dwarf-with-dsym";
				ENABLE_NS_ASSERTIONS = NO;
				ENABLE_STRICT_OBJC_MSGSEND = YES;
				GCC_C_LANGUAGE_STANDARD = gnu11;
				GCC_NO_COMMON_BLOCKS = YES;
				GCC_WARN_64_TO_32_BIT_CONVERSION = YES;
				GCC_WARN_ABOUT_RETURN_TYPE = YES_ERROR;
				GCC_WARN_UNDECLARED_SELECTOR = YES;
				GCC_WARN_UNINITIALIZED_AUTOS = YES_AGGRESSIVE;
				GCC_WARN_UNUSED_FUNCTION = YES;
				GCC_WARN_UNUSED_VARIABLE = YES;
				IPHONEOS_DEPLOYMENT_TARGET = 15.0;
				MTL_ENABLE_DEBUG_INFO = NO;
				MTL_FAST_MATH = YES;
				SDKROOT = iphoneos;
				SWIFT_COMPILATION_MODE = wholemodule;
				SWIFT_OPTIMIZATION_LEVEL = "-O";
				VALIDATE_PRODUCT = YES;
			};
			name = Release;
		};
		915594FA277DE386004286E0 /* Debug */ = {
			isa = XCBuildConfiguration;
			baseConfigurationReference = 5D66D6067D8D5AAC75848133 /* Pods-UnsplashPictureSearcher.debug.xcconfig */;
			buildSettings = {
				ASSETCATALOG_COMPILER_APPICON_NAME = AppIcon;
				ASSETCATALOG_COMPILER_GLOBAL_ACCENT_COLOR_NAME = AccentColor;
				CODE_SIGN_STYLE = Automatic;
				CURRENT_PROJECT_VERSION = 1;
				DEBUG_INFORMATION_FORMAT = "dwarf-with-dsym";
				GENERATE_INFOPLIST_FILE = YES;
				INFOPLIST_FILE = UnsplashPictureSearcher/Info.plist;
				INFOPLIST_KEY_CFBundleDisplayName = UPS;
				INFOPLIST_KEY_UIApplicationSupportsIndirectInputEvents = YES;
				INFOPLIST_KEY_UILaunchStoryboardName = LaunchScreen;
				INFOPLIST_KEY_UIMainStoryboardFile = AuthWelcomeScreen;
				INFOPLIST_KEY_UISupportedInterfaceOrientations_iPad = "UIInterfaceOrientationPortrait UIInterfaceOrientationPortraitUpsideDown UIInterfaceOrientationLandscapeLeft UIInterfaceOrientationLandscapeRight";
				INFOPLIST_KEY_UISupportedInterfaceOrientations_iPhone = "UIInterfaceOrientationPortrait UIInterfaceOrientationLandscapeLeft UIInterfaceOrientationLandscapeRight";
				LD_RUNPATH_SEARCH_PATHS = (
					"$(inherited)",
					"@executable_path/Frameworks",
				);
				MARKETING_VERSION = 1.0;
				PRODUCT_BUNDLE_IDENTIFIER = "Roman-Pro.UnsplashPictureSearcher";
				PRODUCT_NAME = "$(TARGET_NAME)";
				SWIFT_EMIT_LOC_STRINGS = YES;
				SWIFT_VERSION = 5.0;
				TARGETED_DEVICE_FAMILY = "1,2";
			};
			name = Debug;
		};
		915594FB277DE386004286E0 /* Release */ = {
			isa = XCBuildConfiguration;
			baseConfigurationReference = 226A6F79A669982C7DD02C8B /* Pods-UnsplashPictureSearcher.release.xcconfig */;
			buildSettings = {
				ASSETCATALOG_COMPILER_APPICON_NAME = AppIcon;
				ASSETCATALOG_COMPILER_GLOBAL_ACCENT_COLOR_NAME = AccentColor;
				CODE_SIGN_STYLE = Automatic;
				CURRENT_PROJECT_VERSION = 1;
				GENERATE_INFOPLIST_FILE = YES;
				INFOPLIST_FILE = UnsplashPictureSearcher/Info.plist;
				INFOPLIST_KEY_CFBundleDisplayName = UPS;
				INFOPLIST_KEY_UIApplicationSupportsIndirectInputEvents = YES;
				INFOPLIST_KEY_UILaunchStoryboardName = LaunchScreen;
				INFOPLIST_KEY_UIMainStoryboardFile = AuthWelcomeScreen;
				INFOPLIST_KEY_UISupportedInterfaceOrientations_iPad = "UIInterfaceOrientationPortrait UIInterfaceOrientationPortraitUpsideDown UIInterfaceOrientationLandscapeLeft UIInterfaceOrientationLandscapeRight";
				INFOPLIST_KEY_UISupportedInterfaceOrientations_iPhone = "UIInterfaceOrientationPortrait UIInterfaceOrientationLandscapeLeft UIInterfaceOrientationLandscapeRight";
				LD_RUNPATH_SEARCH_PATHS = (
					"$(inherited)",
					"@executable_path/Frameworks",
				);
				MARKETING_VERSION = 1.0;
				PRODUCT_BUNDLE_IDENTIFIER = "Roman-Pro.UnsplashPictureSearcher";
				PRODUCT_NAME = "$(TARGET_NAME)";
				SWIFT_EMIT_LOC_STRINGS = YES;
				SWIFT_VERSION = 5.0;
				TARGETED_DEVICE_FAMILY = "1,2";
			};
			name = Release;
		};
/* End XCBuildConfiguration section */

/* Begin XCConfigurationList section */
		915594E0277DE382004286E0 /* Build configuration list for PBXProject "UnsplashPictureSearcher" */ = {
			isa = XCConfigurationList;
			buildConfigurations = (
				915594F7277DE386004286E0 /* Debug */,
				915594F8277DE386004286E0 /* Release */,
			);
			defaultConfigurationIsVisible = 0;
			defaultConfigurationName = Release;
		};
		915594F9277DE386004286E0 /* Build configuration list for PBXNativeTarget "UnsplashPictureSearcher" */ = {
			isa = XCConfigurationList;
			buildConfigurations = (
				915594FA277DE386004286E0 /* Debug */,
				915594FB277DE386004286E0 /* Release */,
			);
			defaultConfigurationIsVisible = 0;
			defaultConfigurationName = Release;
		};
/* End XCConfigurationList section */
	};
	rootObject = 915594DD277DE382004286E0 /* Project object */;
}
